
Microsoft Visual Studio Solution File, Format Version 12.00
# Visual Studio Version 17
VisualStudioVersion = 17.9.34728.123
MinimumVisualStudioVersion = 10.0.40219.1
Project("{FAE04EC0-301F-11D3-BF4B-00C04F79EFBC}") = "GrpcClient", "GrpcClient\GrpcClient.csproj", "{60303A1D-044E-4AF6-95CF-9BECA1C56FF5}"
EndProject
Project("{FAE04EC0-301F-11D3-BF4B-00C04F79EFBC}") = "AdderService", "AdderService\AdderService.csproj", "{1A91EFA2-A056-4065-86E2-9AD858D7CDCF}"
EndProject
Project("{FAE04EC0-301F-11D3-BF4B-00C04F79EFBC}") = "StringService", "StringService\StringService.csproj", "{E1CCFE67-457A-468B-ABFE-91A101B32FB4}"
EndProject
Global
	GlobalSection(SolutionConfigurationPlatforms) = preSolution
		Debug|Any CPU = Debug|Any CPU
		Release|Any CPU = Release|Any CPU
	EndGlobalSection
	GlobalSection(ProjectConfigurationPlatforms) = postSolution
		{60303A1D-044E-4AF6-95CF-9BECA1C56FF5}.Debug|Any CPU.ActiveCfg = Debug|Any CPU
		{60303A1D-044E-4AF6-95CF-9BECA1C56FF5}.Debug|Any CPU.Build.0 = Debug|Any CPU
		{60303A1D-044E-4AF6-95CF-9BECA1C56FF5}.Release|Any CPU.ActiveCfg = Release|Any CPU
		{60303A1D-044E-4AF6-95CF-9BECA1C56FF5}.Release|Any CPU.Build.0 = Release|Any CPU
		{1A91EFA2-A056-4065-86E2-9AD858D7CDCF}.Debug|Any CPU.ActiveCfg = Debug|Any CPU
		{1A91EFA2-A056-4065-86E2-9AD858D7CDCF}.Debug|Any CPU.Build.0 = Debug|Any CPU
		{1A91EFA2-A056-4065-86E2-9AD858D7CDCF}.Release|Any CPU.ActiveCfg = Release|Any CPU
		{1A91EFA2-A056-4065-86E2-9AD858D7CDCF}.Release|Any CPU.Build.0 = Release|Any CPU
		{E1CCFE67-457A-468B-ABFE-91A101B32FB4}.Debug|Any CPU.ActiveCfg = Debug|Any CPU
		{E1CCFE67-457A-468B-ABFE-91A101B32FB4}.Debug|Any CPU.Build.0 = Debug|Any CPU
		{E1CCFE67-457A-468B-ABFE-91A101B32FB4}.Release|Any CPU.ActiveCfg = Release|Any CPU
		{E1CCFE67-457A-468B-ABFE-91A101B32FB4}.Release|Any CPU.Build.0 = Release|Any CPU
	EndGlobalSection
	GlobalSection(SolutionProperties) = preSolution
		HideSolutionNode = FALSE
	EndGlobalSection
	GlobalSection(ExtensibilityGlobals) = postSolution
		SolutionGuid = {3CC629B1-AA72-44F3-96B4-A3A593C6B328}
	EndGlobalSection
EndGlobal
